{
  "name": "Yunyun-Study-for-Mobile",
  "version": "1.0.0",
  "lockfileVersion": 1,
  "requires": true,
  "dependencies": {
    "core-js": {
      "version": "3.6.4",
      "resolved": "https://registry.npmjs.org/core-js/-/core-js-3.6.4.tgz",
      "integrity": "sha512-4paDGScNgZP2IXXilaffL9X7968RuvwlkK3xWtZRVqgd8SYNiVKRJvkFd1aqqEuPfN7E68ZHEp9hDj6lHj4Hyw=="
    },
    "crypto-js": {
      "version": "3.3.0",
      "resolved": "https://registry.npmjs.org/crypto-js/-/crypto-js-3.3.0.tgz",
      "integrity": "sha512-DIT51nX0dCfKltpRiXV+/TVZq+Qq2NgF4644+K7Ttnla7zEzqc+kjJyiB96BHNyUTBxyjzRcZYpUdZa+QAqi6Q=="
    },
    "fingerprintjs2": {
      "version": "2.1.0",
      "resolved": "https://registry.npmjs.org/fingerprintjs2/-/fingerprintjs2-2.1.0.tgz",
      "integrity": "sha512-H1k/ESTD2rJ3liupyqWBPjZC+LKfCGixQzz/NDN4dkgbmG1bVFyMOh7luKSkVDoyfhgvRm62pviNMPI+eJTZcQ=="
    },
    "verify5-css": {
      "version": "2.1.8",
      "resolved": "https://registry.npmjs.org/verify5-css/-/verify5-css-2.1.8.tgz",
      "integrity": "sha512-Ud7gx9cxmdcphdOxDBZ0p92SbBY5cTWUcVn+rpt5r3dVYx10blmFhu03sBiQu53BMKq0brZnAtVvFAbfwLNmtA=="
    },
    "verify5-vue": {
      "version": "2.3.6",
      "resolved": "https://registry.npmjs.org/verify5-vue/-/verify5-vue-2.3.6.tgz",
      "integrity": "sha512-Vm73JvioyIuCmXo9iPggjyEljoI12Rw019C2cxKBzmXNPlR3D0t7Qesyb5Vwtg/obRuLHPlic7HEVETgX++R9Q==",
      "requires": {
        "core-js": "^3.4.2",
        "crypto-js": "^3.1.9-1",
        "fingerprintjs2": "^2.1.0",
        "verify5-css": "^2.1.8",
        "vue": "^2.6.10"
      }
    },
    "vue": {
      "version": "2.6.11",
      "resolved": "https://registry.npmjs.org/vue/-/vue-2.6.11.tgz",
      "integrity": "sha512-VfPwgcGABbGAue9+sfrD4PuwFar7gPb1yl1UK1MwXoQPAw0BKSqWfoYCT/ThFrdEVWoI51dBuyCoiNU9bZDZxQ=="
    }
  }
}
